
Microsoft Visual Studio Solution File, Format Version 12.00
# Visual Studio Version 16
VisualStudioVersion = 16.0.33529.622
MinimumVisualStudioVersion = 10.0.40219.1
Project("{FAE04EC0-301F-11D3-BF4B-00C04F79EFBC}") = "WebApplication3", "WebApplication3\WebApplication3.csproj", "{C555A1CF-FC75-400A-8034-A83A3D3BA99B}"
EndProject
Global
	GlobalSection(SolutionConfigurationPlatforms) = preSolution
		Debug|Any CPU = Debug|Any CPU
		Release|Any CPU = Release|Any CPU
	EndGlobalSection
	GlobalSection(ProjectConfigurationPlatforms) = postSolution
		{C555A1CF-FC75-400A-8034-A83A3D3BA99B}.Debug|Any CPU.ActiveCfg = Debug|Any CPU
		{C555A1CF-FC75-400A-8034-A83A3D3BA99B}.Debug|Any CPU.Build.0 = Debug|Any CPU
		{C555A1CF-FC75-400A-8034-A83A3D3BA99B}.Release|Any CPU.ActiveCfg = Release|Any CPU
		{C555A1CF-FC75-400A-8034-A83A3D3BA99B}.Release|Any CPU.Build.0 = Release|Any CPU
	EndGlobalSection
	GlobalSection(SolutionProperties) = preSolution
		HideSolutionNode = FALSE
	EndGlobalSection
	GlobalSection(ExtensibilityGlobals) = postSolution
		SolutionGuid = {9D5EE02A-EF8A-4885-86CC-866FA01221D0}
	EndGlobalSection
EndGlobal
